
Microsoft Visual Studio Solution File, Format Version 12.00
# Visual Studio Version 17
VisualStudioVersion = 17.12.35323.107
MinimumVisualStudioVersion = 10.0.40219.1
Project("{FAE04EC0-301F-11D3-BF4B-00C04F79EFBC}") = "AbstractTutorialsPoint", "AbstractTutorialsPoint\AbstractTutorialsPoint.csproj", "{138E232E-2BFF-439C-BEBF-3AC411C80459}"
EndProject
Global
	GlobalSection(SolutionConfigurationPlatforms) = preSolution
		Debug|Any CPU = Debug|Any CPU
		Release|Any CPU = Release|Any CPU
	EndGlobalSection
	GlobalSection(ProjectConfigurationPlatforms) = postSolution
		{138E232E-2BFF-439C-BEBF-3AC411C80459}.Debug|Any CPU.ActiveCfg = Debug|Any CPU
		{138E232E-2BFF-439C-BEBF-3AC411C80459}.Debug|Any CPU.Build.0 = Debug|Any CPU
		{138E232E-2BFF-439C-BEBF-3AC411C80459}.Release|Any CPU.ActiveCfg = Release|Any CPU
		{138E232E-2BFF-439C-BEBF-3AC411C80459}.Release|Any CPU.Build.0 = Release|Any CPU
	EndGlobalSection
	GlobalSection(SolutionProperties) = preSolution
		HideSolutionNode = FALSE
	EndGlobalSection
	GlobalSection(ExtensibilityGlobals) = postSolution
		SolutionGuid = {A828D74A-A996-43E0-9CCF-BF908F97893A}
	EndGlobalSection
EndGlobal
